// !$*UTF8*$!
{
	archiveVersion = 1;
	classes = {
	};
	objectVersion = 46;
	objects = {

/* Begin PBXBuildFile section */
		8823870420BD9DB700BC12D3 /* AppDelegate.swift in Sources */ = {isa = PBXBuildFile; fileRef = 8823870320BD9DB700BC12D3 /* AppDelegate.swift */; };
		8823870920BD9DB700BC12D3 /* Main.storyboard in Resources */ = {isa = PBXBuildFile; fileRef = 8823870720BD9DB700BC12D3 /* Main.storyboard */; };
		8823870B20BD9DB700BC12D3 /* Assets.xcassets in Resources */ = {isa = PBXBuildFile; fileRef = 8823870A20BD9DB700BC12D3 /* Assets.xcassets */; };
		8823870E20BD9DB700BC12D3 /* LaunchScreen.storyboard in Resources */ = {isa = PBXBuildFile; fileRef = 8823870C20BD9DB700BC12D3 /* LaunchScreen.storyboard */; };
		8823871920BD9DB800BC12D3 /* SideMenu_iOSTests.swift in Sources */ = {isa = PBXBuildFile; fileRef = 8823871820BD9DB800BC12D3 /* SideMenu_iOSTests.swift */; };
		8823872420BD9DB800BC12D3 /* SideMenu_iOSUITests.swift in Sources */ = {isa = PBXBuildFile; fileRef = 8823872320BD9DB800BC12D3 /* SideMenu_iOSUITests.swift */; };
		8823873420BD9FED00BC12D3 /* SWRevealViewController.m in Sources */ = {isa = PBXBuildFile; fileRef = 8823873320BD9FED00BC12D3 /* SWRevealViewController.m */; };
		8823873620BDA4F800BC12D3 /* AccountViewController.swift in Sources */ = {isa = PBXBuildFile; fileRef = 8823873520BDA4F800BC12D3 /* AccountViewController.swift */; };
		8823873820BDAF2400BC12D3 /* MenuViewController.swift in Sources */ = {isa = PBXBuildFile; fileRef = 8823873720BDAF2400BC12D3 /* MenuViewController.swift */; };
		8823873A20BDEA9100BC12D3 /* ParamViewController.swift in Sources */ = {isa = PBXBuildFile; fileRef = 8823873920BDEA9100BC12D3 /* ParamViewController.swift */; };
		8861E72520BF7E4300C67EE9 /* HomeTabViewController.swift in Sources */ = {isa = PBXBuildFile; fileRef = 8861E72420BF7E4300C67EE9 /* HomeTabViewController.swift */; };
		8861E72720BF8CAC00C67EE9 /* CostumAlertViewController.swift in Sources */ = {isa = PBXBuildFile; fileRef = 8861E72620BF8CAC00C67EE9 /* CostumAlertViewController.swift */; };
/* End PBXBuildFile section */

/* Begin PBXContainerItemProxy section */
		8823871520BD9DB800BC12D3 /* PBXContainerItemProxy */ = {
			isa = PBXContainerItemProxy;
			containerPortal = 882386F820BD9DB700BC12D3 /* Project object */;
			proxyType = 1;
			remoteGlobalIDString = 882386FF20BD9DB700BC12D3;
			remoteInfo = SideMenu_iOS;
		};
		8823872020BD9DB800BC12D3 /* PBXContainerItemProxy */ = {
			isa = PBXContainerItemProxy;
			containerPortal = 882386F820BD9DB700BC12D3 /* Project object */;
			proxyType = 1;
			remoteGlobalIDString = 882386FF20BD9DB700BC12D3;
			remoteInfo = SideMenu_iOS;
		};
/* End PBXContainerItemProxy section */

/* Begin PBXFileReference section */
		8823870020BD9DB700BC12D3 /* SideMenu_iOS.app */ = {isa = PBXFileReference; explicitFileType = wrapper.application; includeInIndex = 0; path = SideMenu_iOS.app; sourceTree = BUILT_PRODUCTS_DIR; };
		8823870320BD9DB700BC12D3 /* AppDelegate.swift */ = {isa = PBXFileReference; lastKnownFileType = sourcecode.swift; path = AppDelegate.swift; sourceTree = "<group>"; };
		8823870820BD9DB700BC12D3 /* Base */ = {isa = PBXFileReference; lastKnownFileType = file.storyboard; name = Base; path = Base.lproj/Main.storyboard; sourceTree = "<group>"; };
		8823870A20BD9DB700BC12D3 /* Assets.xcassets */ = {isa = PBXFileReference; lastKnownFileType = folder.assetcatalog; path = Assets.xcassets; sourceTree = "<group>"; };
		8823870D20BD9DB700BC12D3 /* Base */ = {isa = PBXFileReference; lastKnownFileType = file.storyboard; name = Base; path = Base.lproj/LaunchScreen.storyboard; sourceTree = "<group>"; };
		8823870F20BD9DB700BC12D3 /* Info.plist */ = {isa = PBXFileReference; lastKnownFileType = text.plist.xml; path = Info.plist; sourceTree = "<group>"; };
		8823871420BD9DB800BC12D3 /* SideMenu_iOSTests.xctest */ = {isa = PBXFileReference; explicitFileType = wrapper.cfbundle; includeInIndex = 0; path = SideMenu_iOSTests.xctest; sourceTree = BUILT_PRODUCTS_DIR; };
		8823871820BD9DB800BC12D3 /* SideMenu_iOSTests.swift */ = {isa = PBXFileReference; lastKnownFileType = sourcecode.swift; path = SideMenu_iOSTests.swift; sourceTree = "<group>"; };
		8823871A20BD9DB800BC12D3 /* Info.plist */ = {isa = PBXFileReference; lastKnownFileType = text.plist.xml; path = Info.plist; sourceTree = "<group>"; };
		8823871F20BD9DB800BC12D3 /* SideMenu_iOSUITests.xctest */ = {isa = PBXFileReference; explicitFileType = wrapper.cfbundle; includeInIndex = 0; path = SideMenu_iOSUITests.xctest; sourceTree = BUILT_PRODUCTS_DIR; };
		8823872320BD9DB800BC12D3 /* SideMenu_iOSUITests.swift */ = {isa = PBXFileReference; lastKnownFileType = sourcecode.swift; path = SideMenu_iOSUITests.swift; sourceTree = "<group>"; };
		8823872520BD9DB800BC12D3 /* Info.plist */ = {isa = PBXFileReference; lastKnownFileType = text.plist.xml; path = Info.plist; sourceTree = "<group>"; };
		8823873120BD9FEC00BC12D3 /* SideMenu_iOS-Bridging-Header.h */ = {isa = PBXFileReference; lastKnownFileType = sourcecode.c.h; path = "SideMenu_iOS-Bridging-Header.h"; sourceTree = "<group>"; };
		8823873220BD9FED00BC12D3 /* SWRevealViewController.h */ = {isa = PBXFileReference; fileEncoding = 4; lastKnownFileType = sourcecode.c.h; path = SWRevealViewController.h; sourceTree = "<group>"; };
		8823873320BD9FED00BC12D3 /* SWRevealViewController.m */ = {isa = PBXFileReference; fileEncoding = 4; lastKnownFileType = sourcecode.c.objc; path = SWRevealViewController.m; sourceTree = "<group>"; };
		8823873520BDA4F800BC12D3 /* AccountViewController.swift */ = {isa = PBXFileReference; fileEncoding = 4; lastKnownFileType = sourcecode.swift; path = AccountViewController.swift; sourceTree = "<group>"; };
		8823873720BDAF2400BC12D3 /* MenuViewController.swift */ = {isa = PBXFileReference; fileEncoding = 4; lastKnownFileType = sourcecode.swift; path = MenuViewController.swift; sourceTree = "<group>"; };
		8823873920BDEA9100BC12D3 /* ParamViewController.swift */ = {isa = PBXFileReference; fileEncoding = 4; lastKnownFileType = sourcecode.swift; path = ParamViewController.swift; sourceTree = "<group>"; };
		8861E72420BF7E4300C67EE9 /* HomeTabViewController.swift */ = {isa = PBXFileReference; lastKnownFileType = sourcecode.swift; path = HomeTabViewController.swift; sourceTree = "<group>"; };
		8861E72620BF8CAC00C67EE9 /* CostumAlertViewController.swift */ = {isa = PBXFileReference; lastKnownFileType = sourcecode.swift; path = CostumAlertViewController.swift; sourceTree = "<group>"; };
/* End PBXFileReference section */

/* Begin PBXFrameworksBuildPhase section */
		882386FD20BD9DB700BC12D3 /* Frameworks */ = {
			isa = PBXFrameworksBuildPhase;
			buildActionMask = 2147483647;
			files = (
			);
			runOnlyForDeploymentPostprocessing = 0;
		};
		8823871120BD9DB800BC12D3 /* Frameworks */ = {
			isa = PBXFrameworksBuildPhase;
			buildActionMask = 2147483647;
			files = (
			);
			runOnlyForDeploymentPostprocessing = 0;
		};
		8823871C20BD9DB800BC12D3 /* Frameworks */ = {
			isa = PBXFrameworksBuildPhase;
			buildActionMask = 2147483647;
			files = (
			);
			runOnlyForDeploymentPostprocessing = 0;
		};
/* End PBXFrameworksBuildPhase section */

/* Begin PBXGroup section */
		882386F720BD9DB700BC12D3 = {
			isa = PBXGroup;
			children = (
				8823870220BD9DB700BC12D3 /* SideMenu_iOS */,
				8823871720BD9DB800BC12D3 /* SideMenu_iOSTests */,
				8823872220BD9DB800BC12D3 /* SideMenu_iOSUITests */,
				8823870120BD9DB700BC12D3 /* Products */,
			);
			sourceTree = "<group>";
		};
		8823870120BD9DB700BC12D3 /* Products */ = {
			isa = PBXGroup;
			children = (
				8823870020BD9DB700BC12D3 /* SideMenu_iOS.app */,
				8823871420BD9DB800BC12D3 /* SideMenu_iOSTests.xctest */,
				8823871F20BD9DB800BC12D3 /* SideMenu_iOSUITests.xctest */,
			);
			name = Products;
			sourceTree = "<group>";
		};
		8823870220BD9DB700BC12D3 /* SideMenu_iOS */ = {
			isa = PBXGroup;
			children = (
				8823870320BD9DB700BC12D3 /* AppDelegate.swift */,
				8823870720BD9DB700BC12D3 /* Main.storyboard */,
				8823873220BD9FED00BC12D3 /* SWRevealViewController.h */,
				8823873320BD9FED00BC12D3 /* SWRevealViewController.m */,
				8823870A20BD9DB700BC12D3 /* Assets.xcassets */,
				8823870C20BD9DB700BC12D3 /* LaunchScreen.storyboard */,
				8823870F20BD9DB700BC12D3 /* Info.plist */,
				8823873120BD9FEC00BC12D3 /* SideMenu_iOS-Bridging-Header.h */,
				8823873520BDA4F800BC12D3 /* AccountViewController.swift */,
				8823873720BDAF2400BC12D3 /* MenuViewController.swift */,
				8823873920BDEA9100BC12D3 /* ParamViewController.swift */,
				8861E72420BF7E4300C67EE9 /* HomeTabViewController.swift */,
				8861E72620BF8CAC00C67EE9 /* CostumAlertViewController.swift */,
			);
			path = SideMenu_iOS;
			sourceTree = "<group>";
		};
		8823871720BD9DB800BC12D3 /* SideMenu_iOSTests */ = {
			isa = PBXGroup;
			children = (
				8823871820BD9DB800BC12D3 /* SideMenu_iOSTests.swift */,
				8823871A20BD9DB800BC12D3 /* Info.plist */,
			);
			path = SideMenu_iOSTests;
			sourceTree = "<group>";
		};
		8823872220BD9DB800BC12D3 /* SideMenu_iOSUITests */ = {
			isa = PBXGroup;
			children = (
				8823872320BD9DB800BC12D3 /* SideMenu_iOSUITests.swift */,
				8823872520BD9DB800BC12D3 /* Info.plist */,
			);
			path = SideMenu_iOSUITests;
			sourceTree = "<group>";
		};
/* End PBXGroup section */

/* Begin PBXNativeTarget section */
		882386FF20BD9DB700BC12D3 /* SideMenu_iOS */ = {
			isa = PBXNativeTarget;
			buildConfigurationList = 8823872820BD9DB800BC12D3 /* Build configuration list for PBXNativeTarget "SideMenu_iOS" */;
			buildPhases = (
				882386FC20BD9DB700BC12D3 /* Sources */,
				882386FD20BD9DB700BC12D3 /* Frameworks */,
				882386FE20BD9DB700BC12D3 /* Resources */,
			);
			buildRules = (
			);
			dependencies = (
			);
			name = SideMenu_iOS;
			productName = SideMenu_iOS;
			productReference = 8823870020BD9DB700BC12D3 /* SideMenu_iOS.app */;
			productType = "com.apple.product-type.application";
		};
		8823871320BD9DB800BC12D3 /* SideMenu_iOSTests */ = {
			isa = PBXNativeTarget;
			buildConfigurationList = 8823872B20BD9DB800BC12D3 /* Build configuration list for PBXNativeTarget "SideMenu_iOSTests" */;
			buildPhases = (
				8823871020BD9DB800BC12D3 /* Sources */,
				8823871120BD9DB800BC12D3 /* Frameworks */,
				8823871220BD9DB800BC12D3 /* Resources */,
			);
			buildRules = (
			);
			dependencies = (
				8823871620BD9DB800BC12D3 /* PBXTargetDependency */,
			);
			name = SideMenu_iOSTests;
			productName = SideMenu_iOSTests;
			productReference = 8823871420BD9DB800BC12D3 /* SideMenu_iOSTests.xctest */;
			productType = "com.apple.product-type.bundle.unit-test";
		};
		8823871E20BD9DB800BC12D3 /* SideMenu_iOSUITests */ = {
			isa = PBXNativeTarget;
			buildConfigurationList = 8823872E20BD9DB800BC12D3 /* Build configuration list for PBXNativeTarget "SideMenu_iOSUITests" */;
			buildPhases = (
				8823871B20BD9DB800BC12D3 /* Sources */,
				8823871C20BD9DB800BC12D3 /* Frameworks */,
				8823871D20BD9DB800BC12D3 /* Resources */,
			);
			buildRules = (
			);
			dependencies = (
				8823872120BD9DB800BC12D3 /* PBXTargetDependency */,
			);
			name = SideMenu_iOSUITests;
			productName = SideMenu_iOSUITests;
			productReference = 8823871F20BD9DB800BC12D3 /* SideMenu_iOSUITests.xctest */;
			productType = "com.apple.product-type.bundle.ui-testing";
		};
/* End PBXNativeTarget section */

/* Begin PBXProject section */
		882386F820BD9DB700BC12D3 /* Project object */ = {
			isa = PBXProject;
			attributes = {
				LastSwiftUpdateCheck = 0820;
				LastUpgradeCheck = 0820;
				ORGANIZATIONNAME = "Wassim Rekik";
				TargetAttributes = {
					882386FF20BD9DB700BC12D3 = {
						CreatedOnToolsVersion = 8.2.1;
						DevelopmentTeam = W6MJTH64JW;
						LastSwiftMigration = 0820;
						ProvisioningStyle = Automatic;
					};
					8823871320BD9DB800BC12D3 = {
						CreatedOnToolsVersion = 8.2.1;
						DevelopmentTeam = W6MJTH64JW;
						ProvisioningStyle = Automatic;
						TestTargetID = 882386FF20BD9DB700BC12D3;
					};
					8823871E20BD9DB800BC12D3 = {
						CreatedOnToolsVersion = 8.2.1;
						DevelopmentTeam = W6MJTH64JW;
						ProvisioningStyle = Automatic;
						TestTargetID = 882386FF20BD9DB700BC12D3;
					};
				};
			};
			buildConfigurationList = 882386FB20BD9DB700BC12D3 /* Build configuration list for PBXProject "SideMenu_iOS" */;
			compatibilityVersion = "Xcode 3.2";
			developmentRegion = English;
			hasScannedForEncodings = 0;
			knownRegions = (
				en,
				Base,
			);
			mainGroup = 882386F720BD9DB700BC12D3;
			productRefGroup = 8823870120BD9DB700BC12D3 /* Products */;
			projectDirPath = "";
			projectRoot = "";
			targets = (
				882386FF20BD9DB700BC12D3 /* SideMenu_iOS */,
				8823871320BD9DB800BC12D3 /* SideMenu_iOSTests */,
				8823871E20BD9DB800BC12D3 /* SideMenu_iOSUITests */,
			);
		};
/* End PBXProject section */

/* Begin PBXResourcesBuildPhase section */
		882386FE20BD9DB700BC12D3 /* Resources */ = {
			isa = PBXResourcesBuildPhase;
			buildActionMask = 2147483647;
			files = (
				8823870E20BD9DB700BC12D3 /* LaunchScreen.storyboard in Resources */,
				8823870B20BD9DB700BC12D3 /* Assets.xcassets in Resources */,
				8823870920BD9DB700BC12D3 /* Main.storyboard in Resources */,
			);
			runOnlyForDeploymentPostprocessing = 0;
		};
		8823871220BD9DB800BC12D3 /* Resources */ = {
			isa = PBXResourcesBuildPhase;
			buildActionMask = 2147483647;
			files = (
			);
			runOnlyForDeploymentPostprocessing = 0;
		};
		8823871D20BD9DB800BC12D3 /* Resources */ = {
			isa = PBXResourcesBuildPhase;
			buildActionMask = 2147483647;
			files = (
			);
			runOnlyForDeploymentPostprocessing = 0;
		};
/* End PBXResourcesBuildPhase section */

/* Begin PBXSourcesBuildPhase section */
		882386FC20BD9DB700BC12D3 /* Sources */ = {
			isa = PBXSourcesBuildPhase;
			buildActionMask = 2147483647;
			files = (
				8823873620BDA4F800BC12D3 /* AccountViewController.swift in Sources */,
				8823870420BD9DB700BC12D3 /* AppDelegate.swift in Sources */,
				8861E72720BF8CAC00C67EE9 /* CostumAlertViewController.swift in Sources */,
				8823873420BD9FED00BC12D3 /* SWRevealViewController.m in Sources */,
				8823873A20BDEA9100BC12D3 /* ParamViewController.swift in Sources */,
				8823873820BDAF2400BC12D3 /* MenuViewController.swift in Sources */,
				8861E72520BF7E4300C67EE9 /* HomeTabViewController.swift in Sources */,
			);
			runOnlyForDeploymentPostprocessing = 0;
		};
		8823871020BD9DB800BC12D3 /* Sources */ = {
			isa = PBXSourcesBuildPhase;
			buildActionMask = 2147483647;
			files = (
				8823871920BD9DB800BC12D3 /* SideMenu_iOSTests.swift in Sources */,
			);
			runOnlyForDeploymentPostprocessing = 0;
		};
		8823871B20BD9DB800BC12D3 /* Sources */ = {
			isa = PBXSourcesBuildPhase;
			buildActionMask = 2147483647;
			files = (
				8823872420BD9DB800BC12D3 /* SideMenu_iOSUITests.swift in Sources */,
			);
			runOnlyForDeploymentPostprocessing = 0;
		};
/* End PBXSourcesBuildPhase section */

/* Begin PBXTargetDependency section */
		8823871620BD9DB800BC12D3 /* PBXTargetDependency */ = {
			isa = PBXTargetDependency;
			target = 882386FF20BD9DB700BC12D3 /* SideMenu_iOS */;
			targetProxy = 8823871520BD9DB800BC12D3 /* PBXContainerItemProxy */;
		};
		8823872120BD9DB800BC12D3 /* PBXTargetDependency */ = {
			isa = PBXTargetDependency;
			target = 882386FF20BD9DB700BC12D3 /* SideMenu_iOS */;
			targetProxy = 8823872020BD9DB800BC12D3 /* PBXContainerItemProxy */;
		};
/* End PBXTargetDependency section */

/* Begin PBXVariantGroup section */
		8823870720BD9DB700BC12D3 /* Main.storyboard */ = {
			isa = PBXVariantGroup;
			children = (
				8823870820BD9DB700BC12D3 /* Base */,
			);
			name = Main.storyboard;
			sourceTree = "<group>";
		};
		8823870C20BD9DB700BC12D3 /* LaunchScreen.storyboard */ = {
			isa = PBXVariantGroup;
			children = (
				8823870D20BD9DB700BC12D3 /* Base */,
			);
			name = LaunchScreen.storyboard;
			sourceTree = "<group>";
		};
/* End PBXVariantGroup section */

/* Begin XCBuildConfiguration section */
		8823872620BD9DB800BC12D3 /* Debug */ = {
			isa = XCBuildConfiguration;
			buildSettings = {
				ALWAYS_SEARCH_USER_PATHS = NO;
				CLANG_ANALYZER_NONNULL = YES;
				CLANG_CXX_LANGUAGE_STANDARD = "gnu++0x";
				CLANG_CXX_LIBRARY = "libc++";
				CLANG_ENABLE_MODULES = YES;
				CLANG_ENABLE_OBJC_ARC = YES;
				CLANG_WARN_BOOL_CONVERSION = YES;
				CLANG_WARN_CONSTANT_CONVERSION = YES;
				CLANG_WARN_DIRECT_OBJC_ISA_USAGE = YES_ERROR;
				CLANG_WARN_DOCUMENTATION_COMMENTS = YES;
				CLANG_WARN_EMPTY_BODY = YES;
				CLANG_WARN_ENUM_CONVERSION = YES;
				CLANG_WARN_INFINITE_RECURSION = YES;
				CLANG_WARN_INT_CONVERSION = YES;
				CLANG_WARN_OBJC_ROOT_CLASS = YES_ERROR;
				CLANG_WARN_SUSPICIOUS_MOVE = YES;
				CLANG_WARN_UNREACHABLE_CODE = YES;
				CLANG_WARN__DUPLICATE_METHOD_MATCH = YES;
				"CODE_SIGN_IDENTITY[sdk=iphoneos*]" = "iPhone Developer";
				COPY_PHASE_STRIP = NO;
				DEBUG_INFORMATION_FORMAT = dwarf;
				ENABLE_STRICT_OBJC_MSGSEND = YES;
				ENABLE_TESTABILITY = YES;
				GCC_C_LANGUAGE_STANDARD = gnu99;
				GCC_DYNAMIC_NO_PIC = NO;
				GCC_NO_COMMON_BLOCKS = YES;
				GCC_OPTIMIZATION_LEVEL = 0;
				GCC_PREPROCESSOR_DEFINITIONS = (
					"DEBUG=1",
					"$(inherited)",
				);
				GCC_WARN_64_TO_32_BIT_CONVERSION = YES;
				GCC_WARN_ABOUT_RETURN_TYPE = YES_ERROR;
				GCC_WARN_UNDECLARED_SELECTOR = YES;
				GCC_WARN_UNINITIALIZED_AUTOS = YES_AGGRESSIVE;
				GCC_WARN_UNUSED_FUNCTION = YES;
				GCC_WARN_UNUSED_VARIABLE = YES;
				IPHONEOS_DEPLOYMENT_TARGET = 10.2;
				MTL_ENABLE_DEBUG_INFO = YES;
				ONLY_ACTIVE_ARCH = YES;
				SDKROOT = iphoneos;
				SWIFT_ACTIVE_COMPILATION_CONDITIONS = DEBUG;
				SWIFT_OPTIMIZATION_LEVEL = "-Onone";
				TARGETED_DEVICE_FAMILY = "1,2";
			};
			name = Debug;
		};
		8823872720BD9DB800BC12D3 /* Release */ = {
			isa = XCBuildConfiguration;
			buildSettings = {
				ALWAYS_SEARCH_USER_PATHS = NO;
				CLANG_ANALYZER_NONNULL = YES;
				CLANG_CXX_LANGUAGE_STANDARD = "gnu++0x";
				CLANG_CXX_LIBRARY = "libc++";
				CLANG_ENABLE_MODULES = YES;
				CLANG_ENABLE_OBJC_ARC = YES;
				CLANG_WARN_BOOL_CONVERSION = YES;
				CLANG_WARN_CONSTANT_CONVERSION = YES;
				CLANG_WARN_DIRECT_OBJC_ISA_USAGE = YES_ERROR;
				CLANG_WARN_DOCUMENTATION_COMMENTS = YES;
				CLANG_WARN_EMPTY_BODY = YES;
				CLANG_WARN_ENUM_CONVERSION = YES;
				CLANG_WARN_INFINITE_RECURSION = YES;
				CLANG_WARN_INT_CONVERSION = YES;
				CLANG_WARN_OBJC_ROOT_CLASS = YES_ERROR;
				CLANG_WARN_SUSPICIOUS_MOVE = YES;
				CLANG_WARN_UNREACHABLE_CODE = YES;
				CLANG_WARN__DUPLICATE_METHOD_MATCH = YES;
				"CODE_SIGN_IDENTITY[sdk=iphoneos*]" = "iPhone Developer";
				COPY_PHASE_STRIP = NO;
				DEBUG_INFORMATION_FORMAT = "dwarf-with-dsym";
				ENABLE_NS_ASSERTIONS = NO;
				ENABLE_STRICT_OBJC_MSGSEND = YES;
				GCC_C_LANGUAGE_STANDARD = gnu99;
				GCC_NO_COMMON_BLOCKS = YES;
				GCC_WARN_64_TO_32_BIT_CONVERSION = YES;
				GCC_WARN_ABOUT_RETURN_TYPE = YES_ERROR;
				GCC_WARN_UNDECLARED_SELECTOR = YES;
				GCC_WARN_UNINITIALIZED_AUTOS = YES_AGGRESSIVE;
				GCC_WARN_UNUSED_FUNCTION = YES;
				GCC_WARN_UNUSED_VARIABLE = YES;
				IPHONEOS_DEPLOYMENT_TARGET = 10.2;
				MTL_ENABLE_DEBUG_INFO = NO;
				SDKROOT = iphoneos;
				SWIFT_OPTIMIZATION_LEVEL = "-Owholemodule";
				TARGETED_DEVICE_FAMILY = "1,2";
				VALIDATE_PRODUCT = YES;
			};
			name = Release;
		};
		8823872920BD9DB800BC12D3 /* Debug */ = {
			isa = XCBuildConfiguration;
			buildSettings = {
				ASSETCATALOG_COMPILER_APPICON_NAME = AppIcon;
				CLANG_ENABLE_MODULES = YES;
				DEVELOPMENT_TEAM = W6MJTH64JW;
				INFOPLIST_FILE = SideMenu_iOS/Info.plist;
				LD_RUNPATH_SEARCH_PATHS = "$(inherited) @executable_path/Frameworks";
				PRODUCT_BUNDLE_IDENTIFIER = "tn.insat.wassimrekik.SideMenu-iOS";
				PRODUCT_NAME = "$(TARGET_NAME)";
				SWIFT_OBJC_BRIDGING_HEADER = "SideMenu_iOS/SideMenu_iOS-Bridging-Header.h";
				SWIFT_OPTIMIZATION_LEVEL = "-Onone";
				SWIFT_VERSION = 3.0;
			};
			name = Debug;
		};
		8823872A20BD9DB800BC12D3 /* Release */ = {
			isa = XCBuildConfiguration;
			buildSettings = {
				ASSETCATALOG_COMPILER_APPICON_NAME = AppIcon;
				CLANG_ENABLE_MODULES = YES;
				DEVELOPMENT_TEAM = W6MJTH64JW;
				INFOPLIST_FILE = SideMenu_iOS/Info.plist;
				LD_RUNPATH_SEARCH_PATHS = "$(inherited) @executable_path/Frameworks";
				PRODUCT_BUNDLE_IDENTIFIER = "tn.insat.wassimrekik.SideMenu-iOS";
				PRODUCT_NAME = "$(TARGET_NAME)";
				SWIFT_OBJC_BRIDGING_HEADER = "SideMenu_iOS/SideMenu_iOS-Bridging-Header.h";
				SWIFT_VERSION = 3.0;
			};
			name = Release;
		};
		8823872C20BD9DB800BC12D3 /* Debug */ = {
			isa = XCBuildConfiguration;
			buildSettings = {
				ALWAYS_EMBED_SWIFT_STANDARD_LIBRARIES = YES;
				BUNDLE_LOADER = "$(TEST_HOST)";
				DEVELOPMENT_TEAM = W6MJTH64JW;
				INFOPLIST_FILE = SideMenu_iOSTests/Info.plist;
				LD_RUNPATH_SEARCH_PATHS = "$(inherited) @executable_path/Frameworks @loader_path/Frameworks";
				PRODUCT_BUNDLE_IDENTIFIER = "tn.insat.wassimrekik.SideMenu-iOSTests";
				PRODUCT_NAME = "$(TARGET_NAME)";
				SWIFT_VERSION = 3.0;
				TEST_HOST = "$(BUILT_PRODUCTS_DIR)/SideMenu_iOS.app/SideMenu_iOS";
			};
			name = Debug;
		};
		8823872D20BD9DB800BC12D3 /* Release */ = {
			isa = XCBuildConfiguration;
			buildSettings = {
				ALWAYS_EMBED_SWIFT_STANDARD_LIBRARIES = YES;
				BUNDLE_LOADER = "$(TEST_HOST)";
				DEVELOPMENT_TEAM = W6MJTH64JW;
				INFOPLIST_FILE = SideMenu_iOSTests/Info.plist;
				LD_RUNPATH_SEARCH_PATHS = "$(inherited) @executable_path/Frameworks @loader_path/Frameworks";
				PRODUCT_BUNDLE_IDENTIFIER = "tn.insat.wassimrekik.SideMenu-iOSTests";
				PRODUCT_NAME = "$(TARGET_NAME)";
				SWIFT_VERSION = 3.0;
				TEST_HOST = "$(BUILT_PRODUCTS_DIR)/SideMenu_iOS.app/SideMenu_iOS";
			};
			name = Release;
		};
		8823872F20BD9DB800BC12D3 /* Debug */ = {
			isa = XCBuildConfiguration;
			buildSettings = {
				ALWAYS_EMBED_SWIFT_STANDARD_LIBRARIES = YES;
				DEVELOPMENT_TEAM = W6MJTH64JW;
				INFOPLIST_FILE = SideMenu_iOSUITests/Info.plist;
				LD_RUNPATH_SEARCH_PATHS = "$(inherited) @executable_path/Frameworks @loader_path/Frameworks";
				PRODUCT_BUNDLE_IDENTIFIER = "tn.insat.wassimrekik.SideMenu-iOSUITests";
				PRODUCT_NAME = "$(TARGET_NAME)";
				SWIFT_VERSION = 3.0;
				TEST_TARGET_NAME = SideMenu_iOS;
			};
			name = Debug;
		};
		8823873020BD9DB800BC12D3 /* Release */ = {
			isa = XCBuildConfiguration;
			buildSettings = {
				ALWAYS_EMBED_SWIFT_STANDARD_LIBRARIES = YES;
				DEVELOPMENT_TEAM = W6MJTH64JW;
				INFOPLIST_FILE = SideMenu_iOSUITests/Info.plist;
				LD_RUNPATH_SEARCH_PATHS = "$(inherited) @executable_path/Frameworks @loader_path/Frameworks";
				PRODUCT_BUNDLE_IDENTIFIER = "tn.insat.wassimrekik.SideMenu-iOSUITests";
				PRODUCT_NAME = "$(TARGET_NAME)";
				SWIFT_VERSION = 3.0;
				TEST_TARGET_NAME = SideMenu_iOS;
			};
			name = Release;
		};
/* End XCBuildConfiguration section */

/* Begin XCConfigurationList section */
		882386FB20BD9DB700BC12D3 /* Build configuration list for PBXProject "SideMenu_iOS" */ = {
			isa = XCConfigurationList;
			buildConfigurations = (
				8823872620BD9DB800BC12D3 /* Debug */,
				8823872720BD9DB800BC12D3 /* Release */,
			);
			defaultConfigurationIsVisible = 0;
			defaultConfigurationName = Release;
		};
		8823872820BD9DB800BC12D3 /* Build configuration list for PBXNativeTarget "SideMenu_iOS" */ = {
			isa = XCConfigurationList;
			buildConfigurations = (
				8823872920BD9DB800BC12D3 /* Debug */,
				8823872A20BD9DB800BC12D3 /* Release */,
			);
			defaultConfigurationIsVisible = 0;
			defaultConfigurationName = Release;
		};
		8823872B20BD9DB800BC12D3 /* Build configuration list for PBXNativeTarget "SideMenu_iOSTests" */ = {
			isa = XCConfigurationList;
			buildConfigurations = (
				8823872C20BD9DB800BC12D3 /* Debug */,
				8823872D20BD9DB800BC12D3 /* Release */,
			);
			defaultConfigurationIsVisible = 0;
			defaultConfigurationName = Release;
		};
		8823872E20BD9DB800BC12D3 /* Build configuration list for PBXNativeTarget "SideMenu_iOSUITests" */ = {
			isa = XCConfigurationList;
			buildConfigurations = (
				8823872F20BD9DB800BC12D3 /* Debug */,
				8823873020BD9DB800BC12D3 /* Release */,
			);
			defaultConfigurationIsVisible = 0;
			defaultConfigurationName = Release;
		};
/* End XCConfigurationList section */
	};
	rootObject = 882386F820BD9DB700BC12D3 /* Project object */;
}
